
Microsoft Visual Studio Solution File, Format Version 12.00
# Visual Studio 14
VisualStudioVersion = 14.0.23107.0
MinimumVisualStudioVersion = 10.0.40219.1
Project("{FAE04EC0-301F-11D3-BF4B-00C04F79EFBC}") = "BULK_md_part", "BULK_md_part\BULK_md_part.csproj", "{F43AE1EE-D797-41BC-A35D-D4A60EB37E30}"
EndProject
Global
	GlobalSection(SolutionConfigurationPlatforms) = preSolution
		Debug|Any CPU = Debug|Any CPU
		Release|Any CPU = Release|Any CPU
	EndGlobalSection
	GlobalSection(ProjectConfigurationPlatforms) = postSolution
		{F43AE1EE-D797-41BC-A35D-D4A60EB37E30}.Debug|Any CPU.ActiveCfg = Debug|Any CPU
		{F43AE1EE-D797-41BC-A35D-D4A60EB37E30}.Debug|Any CPU.Build.0 = Debug|Any CPU
		{F43AE1EE-D797-41BC-A35D-D4A60EB37E30}.Release|Any CPU.ActiveCfg = Release|Any CPU
		{F43AE1EE-D797-41BC-A35D-D4A60EB37E30}.Release|Any CPU.Build.0 = Release|Any CPU
	EndGlobalSection
	GlobalSection(SolutionProperties) = preSolution
		HideSolutionNode = FALSE
	EndGlobalSection
EndGlobal
